
Microsoft Visual Studio Solution File, Format Version 12.00
# Visual Studio Version 17
VisualStudioVersion = 17.4.33403.182
MinimumVisualStudioVersion = 10.0.40219.1
Project("{8BC9CEB8-8B4A-11D0-8D11-00A0C91BC942}") = "Physics", "Physics\Physics.vcxproj", "{41C3249B-5F81-4810-97D1-35B904EC38CD}"
EndProject
Global
	GlobalSection(SolutionConfigurationPlatforms) = preSolution
		Debug|x64 = Debug|x64
		Debug|x86 = Debug|x86
		Release|x64 = Release|x64
		Release|x86 = Release|x86
	EndGlobalSection
	GlobalSection(ProjectConfigurationPlatforms) = postSolution
		{41C3249B-5F81-4810-97D1-35B904EC38CD}.Debug|x64.ActiveCfg = Debug|x64
		{41C3249B-5F81-4810-97D1-35B904EC38CD}.Debug|x64.Build.0 = Debug|x64
		{41C3249B-5F81-4810-97D1-35B904EC38CD}.Debug|x86.ActiveCfg = Debug|Win32
		{41C3249B-5F81-4810-97D1-35B904EC38CD}.Debug|x86.Build.0 = Debug|Win32
		{41C3249B-5F81-4810-97D1-35B904EC38CD}.Release|x64.ActiveCfg = Release|x64
		{41C3249B-5F81-4810-97D1-35B904EC38CD}.Release|x64.Build.0 = Release|x64
		{41C3249B-5F81-4810-97D1-35B904EC38CD}.Release|x86.ActiveCfg = Release|Win32
		{41C3249B-5F81-4810-97D1-35B904EC38CD}.Release|x86.Build.0 = Release|Win32
	EndGlobalSection
	GlobalSection(SolutionProperties) = preSolution
		HideSolutionNode = FALSE
	EndGlobalSection
	GlobalSection(ExtensibilityGlobals) = postSolution
		SolutionGuid = {A75A1A3F-882D-419C-B657-E61859FC6776}
	EndGlobalSection
EndGlobal
